{
    "version": 3,
    "terraform_version": "0.11.8",
    "serial": 2,
    "lineage": "068d3d3b-ab81-88f7-313e-789d67841278",
    "modules": [
        {
            "path": [
                "root"
            ],
            "outputs": {
                "ns-servers": {
                    "sensitive": false,
                    "type": "list",
                    "value": [
                        "ns-1055.awsdns-03.org",
                        "ns-2010.awsdns-59.co.uk",
                        "ns-71.awsdns-08.com",
                        "ns-929.awsdns-52.net"
                    ]
                }
            },
            "resources": {
                "aws_route53_record.mail1-record": {
                    "type": "aws_route53_record",
                    "depends_on": [
                        "aws_route53_zone.newtech-academy"
                    ],
                    "primary": {
                        "id": "Z166URKOLQBAI0_newtech.academy_MX",
                        "attributes": {
                            "allow_overwrite": "true",
                            "fqdn": "newtech.academy",
                            "id": "Z166URKOLQBAI0_newtech.academy_MX",
                            "name": "newtech.academy",
                            "records.#": "5",
                            "records.1219110001": "5 alt2.aspmx.l.google.com.",
                            "records.1694951319": "10 aspmx2.googlemail.com.",
                            "records.1978072480": "1 aspmx.l.google.com.",
                            "records.3802148052": "10 aspmx3.googlemail.com.",
                            "records.867477138": "5 alt1.aspmx.l.google.com.",
                            "ttl": "300",
                            "type": "MX",
                            "zone_id": "Z166URKOLQBAI0"
                        },
                        "meta": {
                            "schema_version": "2"
                        },
                        "tainted": false
                    },
                    "deposed": [],
                    "provider": "provider.aws"
                },
                "aws_route53_record.server1-record": {
                    "type": "aws_route53_record",
                    "depends_on": [
                        "aws_route53_zone.newtech-academy"
                    ],
                    "primary": {
                        "id": "Z166URKOLQBAI0_server1.newtech.academy_A",
                        "attributes": {
                            "allow_overwrite": "true",
                            "fqdn": "server1.newtech.academy",
                            "id": "Z166URKOLQBAI0_server1.newtech.academy_A",
                            "name": "server1.newtech.academy",
                            "records.#": "1",
                            "records.1401733506": "104.236.247.8",
                            "ttl": "300",
                            "type": "A",
                            "zone_id": "Z166URKOLQBAI0"
                        },
                        "meta": {
                            "schema_version": "2"
                        },
                        "tainted": false
                    },
                    "deposed": [],
                    "provider": "provider.aws"
                },
                "aws_route53_record.www-record": {
                    "type": "aws_route53_record",
                    "depends_on": [
                        "aws_route53_zone.newtech-academy"
                    ],
                    "primary": {
                        "id": "Z166URKOLQBAI0_www.newtech.academy_A",
                        "attributes": {
                            "allow_overwrite": "true",
                            "fqdn": "www.newtech.academy",
                            "id": "Z166URKOLQBAI0_www.newtech.academy_A",
                            "name": "www.newtech.academy",
                            "records.#": "1",
                            "records.1401733506": "104.236.247.8",
                            "ttl": "300",
                            "type": "A",
                            "zone_id": "Z166URKOLQBAI0"
                        },
                        "meta": {
                            "schema_version": "2"
                        },
                        "tainted": false
                    },
                    "deposed": [],
                    "provider": "provider.aws"
                },
                "aws_route53_zone.newtech-academy": {
                    "type": "aws_route53_zone",
                    "depends_on": [],
                    "primary": {
                        "id": "Z166URKOLQBAI0",
                        "attributes": {
                            "comment": "Managed by Terraform",
                            "force_destroy": "false",
                            "id": "Z166URKOLQBAI0",
                            "name": "newtech.academy",
                            "name_servers.#": "4",
                            "name_servers.0": "ns-1055.awsdns-03.org",
                            "name_servers.1": "ns-2010.awsdns-59.co.uk",
                            "name_servers.2": "ns-71.awsdns-08.com",
                            "name_servers.3": "ns-929.awsdns-52.net",
                            "tags.%": "0",
                            "zone_id": "Z166URKOLQBAI0"
                        },
                        "meta": {},
                        "tainted": false
                    },
                    "deposed": [],
                    "provider": "provider.aws"
                }
            },
            "depends_on": []
        }
    ]
}
