{
    "version": 3,
    "terraform_version": "0.11.8",
    "serial": 9,
    "lineage": "59f7cc83-4e34-6549-1235-8497755323bc",
    "modules": [
        {
            "path": [
                "root"
            ],
            "outputs": {},
            "resources": {
                "aws_instance.example": {
                    "type": "aws_instance",
                    "depends_on": [
                        "aws_key_pair.sshkey"
                    ],
                    "primary": {
                        "id": "i-07994e17dd1a01f57",
                        "attributes": {
                            "ami": "ami-0b59bfac6be064b78",
                            "arn": "arn:aws:ec2:us-east-2:958355805035:instance/i-07994e17dd1a01f57",
                            "associate_public_ip_address": "true",
                            "availability_zone": "us-east-2c",
                            "cpu_core_count": "1",
                            "cpu_threads_per_core": "1",
                            "credit_specification.#": "1",
                            "credit_specification.0.cpu_credits": "standard",
                            "disable_api_termination": "false",
                            "ebs_block_device.#": "0",
                            "ebs_optimized": "false",
                            "ephemeral_block_device.#": "0",
                            "get_password_data": "false",
                            "iam_instance_profile": "",
                            "id": "i-07994e17dd1a01f57",
                            "instance_state": "running",
                            "instance_type": "t2.micro",
                            "ipv6_addresses.#": "0",
                            "key_name": "sshkey",
                            "monitoring": "false",
                            "network_interface.#": "0",
                            "network_interface_id": "eni-08f2476cff2232e9f",
                            "password_data": "",
                            "placement_group": "",
                            "primary_network_interface_id": "eni-08f2476cff2232e9f",
                            "private_dns": "ip-172-31-47-48.us-east-2.compute.internal",
                            "private_ip": "172.31.47.48",
                            "public_dns": "ec2-18-223-111-235.us-east-2.compute.amazonaws.com",
                            "public_ip": "18.223.111.235",
                            "root_block_device.#": "1",
                            "root_block_device.0.delete_on_termination": "true",
                            "root_block_device.0.iops": "100",
                            "root_block_device.0.volume_id": "vol-01e09fa8ec69fe8ce",
                            "root_block_device.0.volume_size": "8",
                            "root_block_device.0.volume_type": "gp2",
                            "security_groups.#": "1",
                            "security_groups.3814588639": "default",
                            "source_dest_check": "true",
                            "subnet_id": "subnet-1303c45f",
                            "tags.%": "0",
                            "tenancy": "default",
                            "volume_tags.%": "0",
                            "vpc_security_group_ids.#": "1",
                            "vpc_security_group_ids.1427190965": "sg-2b377c46"
                        },
                        "meta": {
                            "e2bfb730-ecaa-11e6-8f88-34363bc7c4c0": {
                                "create": 600000000000,
                                "delete": 1200000000000,
                                "update": 600000000000
                            },
                            "schema_version": "1"
                        },
                        "tainted": true
                    },
                    "deposed": [],
                    "provider": "provider.aws"
                },
                "aws_key_pair.sshkey": {
                    "type": "aws_key_pair",
                    "depends_on": [],
                    "primary": {
                        "id": "sshkey",
                        "attributes": {
                            "fingerprint": "fb:d4:91:48:b6:62:26:31:30:d8:06:bc:a6:ae:37:fb",
                            "id": "sshkey",
                            "key_name": "sshkey",
                            "public_key": "ssh-rsa AAAAB3NzaC1yc2EAAAADAQABAAABAQCvA8lUtpt3uNpLgpv2Cy5uOiQcF4PGCuppZLTbi1T2ItEQM6sSUym7QRcSU6UwFWUtgmcCeV8H4xbjIYdFjLYhifs52117wq0TU3/7In9cWQoDxgJNGaqKXRnR9K/l/a8hA0Q+3rZInSch2PeZjHgSlJV4ydIj41QBGOtOCpTOSHgCUNEVhupkJs+XwESPhcftLIZMVBm56v7Vs3hz2EozN7nF0cTDxRttg5i+CjR26ejthEEzZ2Ot6Q+655OJ8UwcFgoXDjLfBH5QTx7l+Oi0dGMkgW0aV+BoZyKPBk4v+qVXdYWb5gHhhsTTgw6i8IE+WgwnTT8yTCJuVRDKR71/ vagrant@ubuntuc"
                        },
                        "meta": {
                            "schema_version": "1"
                        },
                        "tainted": false
                    },
                    "deposed": [],
                    "provider": "provider.aws"
                }
            },
            "depends_on": []
        }
    ]
}
